
Microsoft Visual Studio Solution File, Format Version 12.00
# Visual Studio Version 17
VisualStudioVersion = 17.9.34723.18
MinimumVisualStudioVersion = 10.0.40219.1
Project("{9A19103F-16F7-4668-BE54-9A1E7A4F7556}") = "BlazorWasmChat", "BlazorWasmChat\BlazorWasmChat\BlazorWasmChat.csproj", "{2EEAE63A-2C31-443B-8306-0C8B0493EF14}"
EndProject
Project("{9A19103F-16F7-4668-BE54-9A1E7A4F7556}") = "BlazorWasmChat.Client", "BlazorWasmChat\BlazorWasmChat.Client\BlazorWasmChat.Client.csproj", "{7000685A-5074-4E3E-A888-55809D768ABE}"
EndProject
Project("{9A19103F-16F7-4668-BE54-9A1E7A4F7556}") = "ChatModels", "ChatModels\ChatModels.csproj", "{FB0B013F-4F25-48C1-85CF-8292FB4383B8}"
EndProject
Global
	GlobalSection(SolutionConfigurationPlatforms) = preSolution
		Debug|Any CPU = Debug|Any CPU
		Release|Any CPU = Release|Any CPU
	EndGlobalSection
	GlobalSection(ProjectConfigurationPlatforms) = postSolution
		{2EEAE63A-2C31-443B-8306-0C8B0493EF14}.Debug|Any CPU.ActiveCfg = Debug|Any CPU
		{2EEAE63A-2C31-443B-8306-0C8B0493EF14}.Debug|Any CPU.Build.0 = Debug|Any CPU
		{2EEAE63A-2C31-443B-8306-0C8B0493EF14}.Release|Any CPU.ActiveCfg = Release|Any CPU
		{2EEAE63A-2C31-443B-8306-0C8B0493EF14}.Release|Any CPU.Build.0 = Release|Any CPU
		{7000685A-5074-4E3E-A888-55809D768ABE}.Debug|Any CPU.ActiveCfg = Debug|Any CPU
		{7000685A-5074-4E3E-A888-55809D768ABE}.Debug|Any CPU.Build.0 = Debug|Any CPU
		{7000685A-5074-4E3E-A888-55809D768ABE}.Release|Any CPU.ActiveCfg = Release|Any CPU
		{7000685A-5074-4E3E-A888-55809D768ABE}.Release|Any CPU.Build.0 = Release|Any CPU
		{FB0B013F-4F25-48C1-85CF-8292FB4383B8}.Debug|Any CPU.ActiveCfg = Debug|Any CPU
		{FB0B013F-4F25-48C1-85CF-8292FB4383B8}.Debug|Any CPU.Build.0 = Debug|Any CPU
		{FB0B013F-4F25-48C1-85CF-8292FB4383B8}.Release|Any CPU.ActiveCfg = Release|Any CPU
		{FB0B013F-4F25-48C1-85CF-8292FB4383B8}.Release|Any CPU.Build.0 = Release|Any CPU
	EndGlobalSection
	GlobalSection(SolutionProperties) = preSolution
		HideSolutionNode = FALSE
	EndGlobalSection
	GlobalSection(ExtensibilityGlobals) = postSolution
		SolutionGuid = {2A0FC873-E7C6-4746-941B-6F7CD1186CE9}
	EndGlobalSection
EndGlobal
